
Microsoft Visual Studio Solution File, Format Version 12.00
Project("{FAE04EC0-301F-11D3-BF4B-00C04F79EFBC}") = "RefugeeSimulation", "RefugeeSimulation\RefugeeSimulation.csproj", "{A07E1683-2D1D-4F69-808A-EB4B58190FB6}"
EndProject
Project("{FAE04EC0-301F-11D3-BF4B-00C04F79EFBC}") = "Tests", "Tests\Tests.csproj", "{72E25371-47CB-4F54-AC84-F6A73EE79A5C}"
EndProject
Global
	GlobalSection(SolutionConfigurationPlatforms) = preSolution
		Debug|Any CPU = Debug|Any CPU
		Release|Any CPU = Release|Any CPU
	EndGlobalSection
	GlobalSection(ProjectConfigurationPlatforms) = postSolution
		{A07E1683-2D1D-4F69-808A-EB4B58190FB6}.Debug|Any CPU.ActiveCfg = Debug|Any CPU
		{A07E1683-2D1D-4F69-808A-EB4B58190FB6}.Debug|Any CPU.Build.0 = Debug|Any CPU
		{A07E1683-2D1D-4F69-808A-EB4B58190FB6}.Release|Any CPU.ActiveCfg = Release|Any CPU
		{A07E1683-2D1D-4F69-808A-EB4B58190FB6}.Release|Any CPU.Build.0 = Release|Any CPU
		{72E25371-47CB-4F54-AC84-F6A73EE79A5C}.Debug|Any CPU.ActiveCfg = Debug|Any CPU
		{72E25371-47CB-4F54-AC84-F6A73EE79A5C}.Debug|Any CPU.Build.0 = Debug|Any CPU
		{72E25371-47CB-4F54-AC84-F6A73EE79A5C}.Release|Any CPU.ActiveCfg = Release|Any CPU
		{72E25371-47CB-4F54-AC84-F6A73EE79A5C}.Release|Any CPU.Build.0 = Release|Any CPU
	EndGlobalSection
EndGlobal
